
Microsoft Visual Studio Solution File, Format Version 12.00
# Visual Studio Version 17
VisualStudioVersion = 17.4.33205.214
MinimumVisualStudioVersion = 10.0.40219.1
Project("{9A19103F-16F7-4668-BE54-9A1E7A4F7556}") = "EmployeeManagement", "EmployeeManagement\EmployeeManagement.csproj", "{A26B9B1A-55E9-421B-8711-7F900DBC981B}"
EndProject
Project("{FAE04EC0-301F-11D3-BF4B-00C04F79EFBC}") = "ServiceLayer1", "ServiceLayer1\ServiceLayer1.csproj", "{39ED4CC5-5625-4F73-9D61-107C8575AAD5}"
EndProject
Global
	GlobalSection(SolutionConfigurationPlatforms) = preSolution
		Debug|Any CPU = Debug|Any CPU
		Release|Any CPU = Release|Any CPU
	EndGlobalSection
	GlobalSection(ProjectConfigurationPlatforms) = postSolution
		{A26B9B1A-55E9-421B-8711-7F900DBC981B}.Debug|Any CPU.ActiveCfg = Debug|Any CPU
		{A26B9B1A-55E9-421B-8711-7F900DBC981B}.Debug|Any CPU.Build.0 = Debug|Any CPU
		{A26B9B1A-55E9-421B-8711-7F900DBC981B}.Release|Any CPU.ActiveCfg = Release|Any CPU
		{A26B9B1A-55E9-421B-8711-7F900DBC981B}.Release|Any CPU.Build.0 = Release|Any CPU
		{39ED4CC5-5625-4F73-9D61-107C8575AAD5}.Debug|Any CPU.ActiveCfg = Debug|Any CPU
		{39ED4CC5-5625-4F73-9D61-107C8575AAD5}.Debug|Any CPU.Build.0 = Debug|Any CPU
		{39ED4CC5-5625-4F73-9D61-107C8575AAD5}.Release|Any CPU.ActiveCfg = Release|Any CPU
		{39ED4CC5-5625-4F73-9D61-107C8575AAD5}.Release|Any CPU.Build.0 = Release|Any CPU
	EndGlobalSection
	GlobalSection(SolutionProperties) = preSolution
		HideSolutionNode = FALSE
	EndGlobalSection
	GlobalSection(ExtensibilityGlobals) = postSolution
		SolutionGuid = {FCAD27E4-F54D-4BBE-B662-7D1C97533976}
	EndGlobalSection
EndGlobal
